Microsoft Visual Studio Solution File, Format Version 12.00
# Visual Studio 2012
Project("{FAE04EC0-301F-11D3-BF4B-00C04F79EFBC}") = "Tetris Clone", "Tetris Clone.csproj", "{BCBD5F57-3B27-4527-902E-7724A1B4A78E}"
EndProject
Global
	GlobalSection(SolutionConfigurationPlatforms) = preSolution
	Debug|Any CPU = Debug|Any CPU
	ExportDebug|Any CPU = ExportDebug|Any CPU
	ExportRelease|Any CPU = ExportRelease|Any CPU
	EndGlobalSection
	GlobalSection(ProjectConfigurationPlatforms) = postSolution
		{BCBD5F57-3B27-4527-902E-7724A1B4A78E}.Debug|Any CPU.ActiveCfg = Debug|Any CPU
		{BCBD5F57-3B27-4527-902E-7724A1B4A78E}.Debug|Any CPU.Build.0 = Debug|Any CPU
		{BCBD5F57-3B27-4527-902E-7724A1B4A78E}.ExportDebug|Any CPU.ActiveCfg = ExportDebug|Any CPU
		{BCBD5F57-3B27-4527-902E-7724A1B4A78E}.ExportDebug|Any CPU.Build.0 = ExportDebug|Any CPU
		{BCBD5F57-3B27-4527-902E-7724A1B4A78E}.ExportRelease|Any CPU.ActiveCfg = ExportRelease|Any CPU
		{BCBD5F57-3B27-4527-902E-7724A1B4A78E}.ExportRelease|Any CPU.Build.0 = ExportRelease|Any CPU
	EndGlobalSection
EndGlobal
